// !$*UTF8*$!
{
	archiveVersion = 1;
	classes = {
	};
	objectVersion = 56;
	objects = {

/* Begin PBXBuildFile section */
		81B0A7B32A09FF7500E6492D /* Refresh_SwiftUIApp.swift in Sources */ = {isa = PBXBuildFile; fileRef = 81B0A7B22A09FF7500E6492D /* Refresh_SwiftUIApp.swift */; };
		81B0A7B52A09FF7500E6492D /* ContentView.swift in Sources */ = {isa = PBXBuildFile; fileRef = 81B0A7B42A09FF7500E6492D /* ContentView.swift */; };
		81B0A7B72A09FF7700E6492D /* Assets.xcassets in Resources */ = {isa = PBXBuildFile; fileRef = 81B0A7B62A09FF7700E6492D /* Assets.xcassets */; };
		81B0A7BB2A09FF7700E6492D /* Preview Assets.xcassets in Resources */ = {isa = PBXBuildFile; fileRef = 81B0A7BA2A09FF7700E6492D /* Preview Assets.xcassets */; };
		81B0A7C52A0A008D00E6492D /* Refresh.swift in Sources */ = {isa = PBXBuildFile; fileRef = 81B0A7C42A0A008D00E6492D /* Refresh.swift */; };
		81B0A7C72A0A10DD00E6492D /* Footer.swift in Sources */ = {isa = PBXBuildFile; fileRef = 81B0A7C62A0A10DD00E6492D /* Footer.swift */; };
		81B0A7C92A0A113100E6492D /* Header.swift in Sources */ = {isa = PBXBuildFile; fileRef = 81B0A7C82A0A113100E6492D /* Header.swift */; };
		81B0A7CB2A0A11B600E6492D /* Utilities.swift in Sources */ = {isa = PBXBuildFile; fileRef = 81B0A7CA2A0A11B600E6492D /* Utilities.swift */; };
		81B0A7CD2A0A11D100E6492D /* Modifier.swift in Sources */ = {isa = PBXBuildFile; fileRef = 81B0A7CC2A0A11D100E6492D /* Modifier.swift */; };
		81B0A7D22A0A121200E6492D /* SimplePullToRefreshView.swift in Sources */ = {isa = PBXBuildFile; fileRef = 81B0A7CE2A0A121200E6492D /* SimplePullToRefreshView.swift */; };
		81B0A7D32A0A121200E6492D /* SimpleList.swift in Sources */ = {isa = PBXBuildFile; fileRef = 81B0A7CF2A0A121200E6492D /* SimpleList.swift */; };
		81B0A7D42A0A121200E6492D /* SimpleCell.swift in Sources */ = {isa = PBXBuildFile; fileRef = 81B0A7D02A0A121200E6492D /* SimpleCell.swift */; };
		81B0A7D52A0A121200E6492D /* SimpleRefreshingView.swift in Sources */ = {isa = PBXBuildFile; fileRef = 81B0A7D12A0A121200E6492D /* SimpleRefreshingView.swift */; };
		81B0A7D72A0A17A900E6492D /* FooterKey.swift in Sources */ = {isa = PBXBuildFile; fileRef = 81B0A7D62A0A17A900E6492D /* FooterKey.swift */; };
		81B0A7D92A0A17C900E6492D /* HeaderKey.swift in Sources */ = {isa = PBXBuildFile; fileRef = 81B0A7D82A0A17C900E6492D /* HeaderKey.swift */; };
		81B0A7DB2A0A17EA00E6492D /* DefaultHeader.swift in Sources */ = {isa = PBXBuildFile; fileRef = 81B0A7DA2A0A17EA00E6492D /* DefaultHeader.swift */; };
		81B0A7DD2A0A182000E6492D /* DefaultFooter.swift in Sources */ = {isa = PBXBuildFile; fileRef = 81B0A7DC2A0A182000E6492D /* DefaultFooter.swift */; };
/* End PBXBuildFile section */

/* Begin PBXFileReference section */
		81B0A7AF2A09FF7500E6492D /* Refresh_SwiftUI.app */ = {isa = PBXFileReference; explicitFileType = wrapper.application; includeInIndex = 0; path = Refresh_SwiftUI.app; sourceTree = BUILT_PRODUCTS_DIR; };
		81B0A7B22A09FF7500E6492D /* Refresh_SwiftUIApp.swift */ = {isa = PBXFileReference; lastKnownFileType = sourcecode.swift; path = Refresh_SwiftUIApp.swift; sourceTree = "<group>"; };
		81B0A7B42A09FF7500E6492D /* ContentView.swift */ = {isa = PBXFileReference; lastKnownFileType = sourcecode.swift; path = ContentView.swift; sourceTree = "<group>"; };
		81B0A7B62A09FF7700E6492D /* Assets.xcassets */ = {isa = PBXFileReference; lastKnownFileType = folder.assetcatalog; path = Assets.xcassets; sourceTree = "<group>"; };
		81B0A7B82A09FF7700E6492D /* Refresh_SwiftUI.entitlements */ = {isa = PBXFileReference; lastKnownFileType = text.plist.entitlements; path = Refresh_SwiftUI.entitlements; sourceTree = "<group>"; };
		81B0A7BA2A09FF7700E6492D /* Preview Assets.xcassets */ = {isa = PBXFileReference; lastKnownFileType = folder.assetcatalog; path = "Preview Assets.xcassets"; sourceTree = "<group>"; };
		81B0A7C42A0A008D00E6492D /* Refresh.swift */ = {isa = PBXFileReference; lastKnownFileType = sourcecode.swift; path = Refresh.swift; sourceTree = "<group>"; };
		81B0A7C62A0A10DD00E6492D /* Footer.swift */ = {isa = PBXFileReference; lastKnownFileType = sourcecode.swift; path = Footer.swift; sourceTree = "<group>"; };
		81B0A7C82A0A113100E6492D /* Header.swift */ = {isa = PBXFileReference; lastKnownFileType = sourcecode.swift; path = Header.swift; sourceTree = "<group>"; };
		81B0A7CA2A0A11B600E6492D /* Utilities.swift */ = {isa = PBXFileReference; lastKnownFileType = sourcecode.swift; path = Utilities.swift; sourceTree = "<group>"; };
		81B0A7CC2A0A11D100E6492D /* Modifier.swift */ = {isa = PBXFileReference; lastKnownFileType = sourcecode.swift; path = Modifier.swift; sourceTree = "<group>"; };
		81B0A7CE2A0A121200E6492D /* SimplePullToRefreshView.swift */ = {isa = PBXFileReference; fileEncoding = 4; lastKnownFileType = sourcecode.swift; path = SimplePullToRefreshView.swift; sourceTree = "<group>"; };
		81B0A7CF2A0A121200E6492D /* SimpleList.swift */ = {isa = PBXFileReference; fileEncoding = 4; lastKnownFileType = sourcecode.swift; path = SimpleList.swift; sourceTree = "<group>"; };
		81B0A7D02A0A121200E6492D /* SimpleCell.swift */ = {isa = PBXFileReference; fileEncoding = 4; lastKnownFileType = sourcecode.swift; path = SimpleCell.swift; sourceTree = "<group>"; };
		81B0A7D12A0A121200E6492D /* SimpleRefreshingView.swift */ = {isa = PBXFileReference; fileEncoding = 4; lastKnownFileType = sourcecode.swift; path = SimpleRefreshingView.swift; sourceTree = "<group>"; };
		81B0A7D62A0A17A900E6492D /* FooterKey.swift */ = {isa = PBXFileReference; lastKnownFileType = sourcecode.swift; path = FooterKey.swift; sourceTree = "<group>"; };
		81B0A7D82A0A17C900E6492D /* HeaderKey.swift */ = {isa = PBXFileReference; lastKnownFileType = sourcecode.swift; path = HeaderKey.swift; sourceTree = "<group>"; };
		81B0A7DA2A0A17EA00E6492D /* DefaultHeader.swift */ = {isa = PBXFileReference; lastKnownFileType = sourcecode.swift; path = DefaultHeader.swift; sourceTree = "<group>"; };
		81B0A7DC2A0A182000E6492D /* DefaultFooter.swift */ = {isa = PBXFileReference; lastKnownFileType = sourcecode.swift; path = DefaultFooter.swift; sourceTree = "<group>"; };
/* End PBXFileReference section */

/* Begin PBXFrameworksBuildPhase section */
		81B0A7AC2A09FF7500E6492D /* Frameworks */ = {
			isa = PBXFrameworksBuildPhase;
			buildActionMask = 2147483647;
			files = (
			);
			runOnlyForDeploymentPostprocessing = 0;
		};
/* End PBXFrameworksBuildPhase section */

/* Begin PBXGroup section */
		81B0A7A62A09FF7500E6492D = {
			isa = PBXGroup;
			children = (
				81B0A7C22A0A007C00E6492D /* Sources */,
				81B0A7B12A09FF7500E6492D /* Refresh_SwiftUI */,
				81B0A7B02A09FF7500E6492D /* Products */,
			);
			sourceTree = "<group>";
		};
		81B0A7B02A09FF7500E6492D /* Products */ = {
			isa = PBXGroup;
			children = (
				81B0A7AF2A09FF7500E6492D /* Refresh_SwiftUI.app */,
			);
			name = Products;
			sourceTree = "<group>";
		};
		81B0A7B12A09FF7500E6492D /* Refresh_SwiftUI */ = {
			isa = PBXGroup;
			children = (
				81B0A7B22A09FF7500E6492D /* Refresh_SwiftUIApp.swift */,
				81B0A7B42A09FF7500E6492D /* ContentView.swift */,
				81B0A7D02A0A121200E6492D /* SimpleCell.swift */,
				81B0A7CF2A0A121200E6492D /* SimpleList.swift */,
				81B0A7CE2A0A121200E6492D /* SimplePullToRefreshView.swift */,
				81B0A7D12A0A121200E6492D /* SimpleRefreshingView.swift */,
				81B0A7B62A09FF7700E6492D /* Assets.xcassets */,
				81B0A7B82A09FF7700E6492D /* Refresh_SwiftUI.entitlements */,
				81B0A7B92A09FF7700E6492D /* Preview Content */,
			);
			path = Refresh_SwiftUI;
			sourceTree = "<group>";
		};
		81B0A7B92A09FF7700E6492D /* Preview Content */ = {
			isa = PBXGroup;
			children = (
				81B0A7BA2A09FF7700E6492D /* Preview Assets.xcassets */,
			);
			path = "Preview Content";
			sourceTree = "<group>";
		};
		81B0A7C22A0A007C00E6492D /* Sources */ = {
			isa = PBXGroup;
			children = (
				81B0A7C32A0A007C00E6492D /* Refresh_SwiftUI */,
			);
			name = Sources;
			path = ../Sources;
			sourceTree = "<group>";
		};
		81B0A7C32A0A007C00E6492D /* Refresh_SwiftUI */ = {
			isa = PBXGroup;
			children = (
				81B0A7C42A0A008D00E6492D /* Refresh.swift */,
				81B0A7DA2A0A17EA00E6492D /* DefaultHeader.swift */,
				81B0A7C82A0A113100E6492D /* Header.swift */,
				81B0A7DC2A0A182000E6492D /* DefaultFooter.swift */,
				81B0A7C62A0A10DD00E6492D /* Footer.swift */,
				81B0A7D82A0A17C900E6492D /* HeaderKey.swift */,
				81B0A7D62A0A17A900E6492D /* FooterKey.swift */,
				81B0A7CA2A0A11B600E6492D /* Utilities.swift */,
				81B0A7CC2A0A11D100E6492D /* Modifier.swift */,
			);
			path = Refresh_SwiftUI;
			sourceTree = "<group>";
		};
/* End PBXGroup section */

/* Begin PBXNativeTarget section */
		81B0A7AE2A09FF7500E6492D /* Refresh_SwiftUI */ = {
			isa = PBXNativeTarget;
			buildConfigurationList = 81B0A7BE2A09FF7700E6492D /* Build configuration list for PBXNativeTarget "Refresh_SwiftUI" */;
			buildPhases = (
				81B0A7AB2A09FF7500E6492D /* Sources */,
				81B0A7AC2A09FF7500E6492D /* Frameworks */,
				81B0A7AD2A09FF7500E6492D /* Resources */,
			);
			buildRules = (
			);
			dependencies = (
			);
			name = Refresh_SwiftUI;
			productName = Refresh_SwiftUI;
			productReference = 81B0A7AF2A09FF7500E6492D /* Refresh_SwiftUI.app */;
			productType = "com.apple.product-type.application";
		};
/* End PBXNativeTarget section */

/* Begin PBXProject section */
		81B0A7A72A09FF7500E6492D /* Project object */ = {
			isa = PBXProject;
			attributes = {
				BuildIndependentTargetsInParallel = 1;
				LastSwiftUpdateCheck = 1420;
				LastUpgradeCheck = 1420;
				TargetAttributes = {
					81B0A7AE2A09FF7500E6492D = {
						CreatedOnToolsVersion = 14.2;
					};
				};
			};
			buildConfigurationList = 81B0A7AA2A09FF7500E6492D /* Build configuration list for PBXProject "Refresh_SwiftUI" */;
			compatibilityVersion = "Xcode 14.0";
			developmentRegion = en;
			hasScannedForEncodings = 0;
			knownRegions = (
				en,
				Base,
			);
			mainGroup = 81B0A7A62A09FF7500E6492D;
			productRefGroup = 81B0A7B02A09FF7500E6492D /* Products */;
			projectDirPath = "";
			projectRoot = "";
			targets = (
				81B0A7AE2A09FF7500E6492D /* Refresh_SwiftUI */,
			);
		};
/* End PBXProject section */

/* Begin PBXResourcesBuildPhase section */
		81B0A7AD2A09FF7500E6492D /* Resources */ = {
			isa = PBXResourcesBuildPhase;
			buildActionMask = 2147483647;
			files = (
				81B0A7BB2A09FF7700E6492D /* Preview Assets.xcassets in Resources */,
				81B0A7B72A09FF7700E6492D /* Assets.xcassets in Resources */,
			);
			runOnlyForDeploymentPostprocessing = 0;
		};
/* End PBXResourcesBuildPhase section */

/* Begin PBXSourcesBuildPhase section */
		81B0A7AB2A09FF7500E6492D /* Sources */ = {
			isa = PBXSourcesBuildPhase;
			buildActionMask = 2147483647;
			files = (
				81B0A7CB2A0A11B600E6492D /* Utilities.swift in Sources */,
				81B0A7C92A0A113100E6492D /* Header.swift in Sources */,
				81B0A7D32A0A121200E6492D /* SimpleList.swift in Sources */,
				81B0A7C52A0A008D00E6492D /* Refresh.swift in Sources */,
				81B0A7B52A09FF7500E6492D /* ContentView.swift in Sources */,
				81B0A7D22A0A121200E6492D /* SimplePullToRefreshView.swift in Sources */,
				81B0A7C72A0A10DD00E6492D /* Footer.swift in Sources */,
				81B0A7B32A09FF7500E6492D /* Refresh_SwiftUIApp.swift in Sources */,
				81B0A7D52A0A121200E6492D /* SimpleRefreshingView.swift in Sources */,
				81B0A7CD2A0A11D100E6492D /* Modifier.swift in Sources */,
				81B0A7DB2A0A17EA00E6492D /* DefaultHeader.swift in Sources */,
				81B0A7D72A0A17A900E6492D /* FooterKey.swift in Sources */,
				81B0A7D92A0A17C900E6492D /* HeaderKey.swift in Sources */,
				81B0A7D42A0A121200E6492D /* SimpleCell.swift in Sources */,
				81B0A7DD2A0A182000E6492D /* DefaultFooter.swift in Sources */,
			);
			runOnlyForDeploymentPostprocessing = 0;
		};
/* End PBXSourcesBuildPhase section */

/* Begin XCBuildConfiguration section */
		81B0A7BC2A09FF7700E6492D /* Debug */ = {
			isa = XCBuildConfiguration;
			buildSettings = {
				ALWAYS_SEARCH_USER_PATHS = NO;
				CLANG_ANALYZER_NONNULL = YES;
				CLANG_ANALYZER_NUMBER_OBJECT_CONVERSION = YES_AGGRESSIVE;
				CLANG_CXX_LANGUAGE_STANDARD = "gnu++20";
				CLANG_ENABLE_MODULES = YES;
				CLANG_ENABLE_OBJC_ARC = YES;
				CLANG_ENABLE_OBJC_WEAK = YES;
				CLANG_WARN_BLOCK_CAPTURE_AUTORELEASING = YES;
				CLANG_WARN_BOOL_CONVERSION = YES;
				CLANG_WARN_COMMA = YES;
				CLANG_WARN_CONSTANT_CONVERSION = YES;
				CLANG_WARN_DEPRECATED_OBJC_IMPLEMENTATIONS = YES;
				CLANG_WARN_DIRECT_OBJC_ISA_USAGE = YES_ERROR;
				CLANG_WARN_DOCUMENTATION_COMMENTS = YES;
				CLANG_WARN_EMPTY_BODY = YES;
				CLANG_WARN_ENUM_CONVERSION = YES;
				CLANG_WARN_INFINITE_RECURSION = YES;
				CLANG_WARN_INT_CONVERSION = YES;
				CLANG_WARN_NON_LITERAL_NULL_CONVERSION = YES;
				CLANG_WARN_OBJC_IMPLICIT_RETAIN_SELF = YES;
				CLANG_WARN_OBJC_LITERAL_CONVERSION = YES;
				CLANG_WARN_OBJC_ROOT_CLASS = YES_ERROR;
				CLANG_WARN_QUOTED_INCLUDE_IN_FRAMEWORK_HEADER = YES;
				CLANG_WARN_RANGE_LOOP_ANALYSIS = YES;
				CLANG_WARN_STRICT_PROTOTYPES = YES;
				CLANG_WARN_SUSPICIOUS_MOVE = YES;
				CLANG_WARN_UNGUARDED_AVAILABILITY = YES_AGGRESSIVE;
				CLANG_WARN_UNREACHABLE_CODE = YES;
				CLANG_WARN__DUPLICATE_METHOD_MATCH = YES;
				COPY_PHASE_STRIP = NO;
				DEBUG_INFORMATION_FORMAT = dwarf;
				ENABLE_STRICT_OBJC_MSGSEND = YES;
				ENABLE_TESTABILITY = YES;
				GCC_C_LANGUAGE_STANDARD = gnu11;
				GCC_DYNAMIC_NO_PIC = NO;
				GCC_NO_COMMON_BLOCKS = YES;
				GCC_OPTIMIZATION_LEVEL = 0;
				GCC_PREPROCESSOR_DEFINITIONS = (
					"DEBUG=1",
					"$(inherited)",
				);
				GCC_WARN_64_TO_32_BIT_CONVERSION = YES;
				GCC_WARN_ABOUT_RETURN_TYPE = YES_ERROR;
				GCC_WARN_UNDECLARED_SELECTOR = YES;
				GCC_WARN_UNINITIALIZED_AUTOS = YES_AGGRESSIVE;
				GCC_WARN_UNUSED_FUNCTION = YES;
				GCC_WARN_UNUSED_VARIABLE = YES;
				MTL_ENABLE_DEBUG_INFO = INCLUDE_SOURCE;
				MTL_FAST_MATH = YES;
				ONLY_ACTIVE_ARCH = YES;
				SWIFT_ACTIVE_COMPILATION_CONDITIONS = DEBUG;
				SWIFT_OPTIMIZATION_LEVEL = "-Onone";
			};
			name = Debug;
		};
		81B0A7BD2A09FF7700E6492D /* Release */ = {
			isa = XCBuildConfiguration;
			buildSettings = {
				ALWAYS_SEARCH_USER_PATHS = NO;
				CLANG_ANALYZER_NONNULL = YES;
				CLANG_ANALYZER_NUMBER_OBJECT_CONVERSION = YES_AGGRESSIVE;
				CLANG_CXX_LANGUAGE_STANDARD = "gnu++20";
				CLANG_ENABLE_MODULES = YES;
				CLANG_ENABLE_OBJC_ARC = YES;
				CLANG_ENABLE_OBJC_WEAK = YES;
				CLANG_WARN_BLOCK_CAPTURE_AUTORELEASING = YES;
				CLANG_WARN_BOOL_CONVERSION = YES;
				CLANG_WARN_COMMA = YES;
				CLANG_WARN_CONSTANT_CONVERSION = YES;
				CLANG_WARN_DEPRECATED_OBJC_IMPLEMENTATIONS = YES;
				CLANG_WARN_DIRECT_OBJC_ISA_USAGE = YES_ERROR;
				CLANG_WARN_DOCUMENTATION_COMMENTS = YES;
				CLANG_WARN_EMPTY_BODY = YES;
				CLANG_WARN_ENUM_CONVERSION = YES;
				CLANG_WARN_INFINITE_RECURSION = YES;
				CLANG_WARN_INT_CONVERSION = YES;
				CLANG_WARN_NON_LITERAL_NULL_CONVERSION = YES;
				CLANG_WARN_OBJC_IMPLICIT_RETAIN_SELF = YES;
				CLANG_WARN_OBJC_LITERAL_CONVERSION = YES;
				CLANG_WARN_OBJC_ROOT_CLASS = YES_ERROR;
				CLANG_WARN_QUOTED_INCLUDE_IN_FRAMEWORK_HEADER = YES;
				CLANG_WARN_RANGE_LOOP_ANALYSIS = YES;
				CLANG_WARN_STRICT_PROTOTYPES = YES;
				CLANG_WARN_SUSPICIOUS_MOVE = YES;
				CLANG_WARN_UNGUARDED_AVAILABILITY = YES_AGGRESSIVE;
				CLANG_WARN_UNREACHABLE_CODE = YES;
				CLANG_WARN__DUPLICATE_METHOD_MATCH = YES;
				COPY_PHASE_STRIP = NO;
				DEBUG_INFORMATION_FORMAT = "dwarf-with-dsym";
				ENABLE_NS_ASSERTIONS = NO;
				ENABLE_STRICT_OBJC_MSGSEND = YES;
				GCC_C_LANGUAGE_STANDARD = gnu11;
				GCC_NO_COMMON_BLOCKS = YES;
				GCC_WARN_64_TO_32_BIT_CONVERSION = YES;
				GCC_WARN_ABOUT_RETURN_TYPE = YES_ERROR;
				GCC_WARN_UNDECLARED_SELECTOR = YES;
				GCC_WARN_UNINITIALIZED_AUTOS = YES_AGGRESSIVE;
				GCC_WARN_UNUSED_FUNCTION = YES;
				GCC_WARN_UNUSED_VARIABLE = YES;
				MTL_ENABLE_DEBUG_INFO = NO;
				MTL_FAST_MATH = YES;
				SWIFT_COMPILATION_MODE = wholemodule;
				SWIFT_OPTIMIZATION_LEVEL = "-O";
			};
			name = Release;
		};
		81B0A7BF2A09FF7700E6492D /* Debug */ = {
			isa = XCBuildConfiguration;
			buildSettings = {
				ASSETCATALOG_COMPILER_APPICON_NAME = AppIcon;
				ASSETCATALOG_COMPILER_GLOBAL_ACCENT_COLOR_NAME = AccentColor;
				CODE_SIGN_ENTITLEMENTS = Refresh_SwiftUI/Refresh_SwiftUI.entitlements;
				CODE_SIGN_STYLE = Automatic;
				CURRENT_PROJECT_VERSION = 1;
				DEVELOPMENT_ASSET_PATHS = "\"Refresh_SwiftUI/Preview Content\"";
				DEVELOPMENT_TEAM = 2H98YDVC78;
				ENABLE_HARDENED_RUNTIME = YES;
				ENABLE_PREVIEWS = YES;
				GENERATE_INFOPLIST_FILE = YES;
				"INFOPLIST_KEY_UIApplicationSceneManifest_Generation[sdk=iphoneos*]" = YES;
				"INFOPLIST_KEY_UIApplicationSceneManifest_Generation[sdk=iphonesimulator*]" = YES;
				"INFOPLIST_KEY_UIApplicationSupportsIndirectInputEvents[sdk=iphoneos*]" = YES;
				"INFOPLIST_KEY_UIApplicationSupportsIndirectInputEvents[sdk=iphonesimulator*]" = YES;
				"INFOPLIST_KEY_UILaunchScreen_Generation[sdk=iphoneos*]" = YES;
				"INFOPLIST_KEY_UILaunchScreen_Generation[sdk=iphonesimulator*]" = YES;
				"INFOPLIST_KEY_UIStatusBarStyle[sdk=iphoneos*]" = UIStatusBarStyleDefault;
				"INFOPLIST_KEY_UIStatusBarStyle[sdk=iphonesimulator*]" = UIStatusBarStyleDefault;
				INFOPLIST_KEY_UISupportedInterfaceOrientations_iPad = "UIInterfaceOrientationPortrait UIInterfaceOrientationPortraitUpsideDown UIInterfaceOrientationLandscapeLeft UIInterfaceOrientationLandscapeRight";
				INFOPLIST_KEY_UISupportedInterfaceOrientations_iPhone = "UIInterfaceOrientationPortrait UIInterfaceOrientationLandscapeLeft UIInterfaceOrientationLandscapeRight";
				IPHONEOS_DEPLOYMENT_TARGET = 16.2;
				LD_RUNPATH_SEARCH_PATHS = "@executable_path/Frameworks";
				"LD_RUNPATH_SEARCH_PATHS[sdk=macosx*]" = "@executable_path/../Frameworks";
				MACOSX_DEPLOYMENT_TARGET = 12.6;
				MARKETING_VERSION = 1.0;
				PRODUCT_BUNDLE_IDENTIFIER = "com.chat.muma.Refresh-SwiftUI";
				PRODUCT_NAME = "$(TARGET_NAME)";
				SDKROOT = auto;
				SUPPORTED_PLATFORMS = "iphoneos iphonesimulator macosx";
				SWIFT_EMIT_LOC_STRINGS = YES;
				SWIFT_VERSION = 5.0;
				TARGETED_DEVICE_FAMILY = "1,2";
			};
			name = Debug;
		};
		81B0A7C02A09FF7700E6492D /* Release */ = {
			isa = XCBuildConfiguration;
			buildSettings = {
				ASSETCATALOG_COMPILER_APPICON_NAME = AppIcon;
				ASSETCATALOG_COMPILER_GLOBAL_ACCENT_COLOR_NAME = AccentColor;
				CODE_SIGN_ENTITLEMENTS = Refresh_SwiftUI/Refresh_SwiftUI.entitlements;
				CODE_SIGN_STYLE = Automatic;
				CURRENT_PROJECT_VERSION = 1;
				DEVELOPMENT_ASSET_PATHS = "\"Refresh_SwiftUI/Preview Content\"";
				DEVELOPMENT_TEAM = 2H98YDVC78;
				ENABLE_HARDENED_RUNTIME = YES;
				ENABLE_PREVIEWS = YES;
				GENERATE_INFOPLIST_FILE = YES;
				"INFOPLIST_KEY_UIApplicationSceneManifest_Generation[sdk=iphoneos*]" = YES;
				"INFOPLIST_KEY_UIApplicationSceneManifest_Generation[sdk=iphonesimulator*]" = YES;
				"INFOPLIST_KEY_UIApplicationSupportsIndirectInputEvents[sdk=iphoneos*]" = YES;
				"INFOPLIST_KEY_UIApplicationSupportsIndirectInputEvents[sdk=iphonesimulator*]" = YES;
				"INFOPLIST_KEY_UILaunchScreen_Generation[sdk=iphoneos*]" = YES;
				"INFOPLIST_KEY_UILaunchScreen_Generation[sdk=iphonesimulator*]" = YES;
				"INFOPLIST_KEY_UIStatusBarStyle[sdk=iphoneos*]" = UIStatusBarStyleDefault;
				"INFOPLIST_KEY_UIStatusBarStyle[sdk=iphonesimulator*]" = UIStatusBarStyleDefault;
				INFOPLIST_KEY_UISupportedInterfaceOrientations_iPad = "UIInterfaceOrientationPortrait UIInterfaceOrientationPortraitUpsideDown UIInterfaceOrientationLandscapeLeft UIInterfaceOrientationLandscapeRight";
				INFOPLIST_KEY_UISupportedInterfaceOrientations_iPhone = "UIInterfaceOrientationPortrait UIInterfaceOrientationLandscapeLeft UIInterfaceOrientationLandscapeRight";
				IPHONEOS_DEPLOYMENT_TARGET = 16.2;
				LD_RUNPATH_SEARCH_PATHS = "@executable_path/Frameworks";
				"LD_RUNPATH_SEARCH_PATHS[sdk=macosx*]" = "@executable_path/../Frameworks";
				MACOSX_DEPLOYMENT_TARGET = 12.6;
				MARKETING_VERSION = 1.0;
				PRODUCT_BUNDLE_IDENTIFIER = "com.chat.muma.Refresh-SwiftUI";
				PRODUCT_NAME = "$(TARGET_NAME)";
				SDKROOT = auto;
				SUPPORTED_PLATFORMS = "iphoneos iphonesimulator macosx";
				SWIFT_EMIT_LOC_STRINGS = YES;
				SWIFT_VERSION = 5.0;
				TARGETED_DEVICE_FAMILY = "1,2";
			};
			name = Release;
		};
/* End XCBuildConfiguration section */

/* Begin XCConfigurationList section */
		81B0A7AA2A09FF7500E6492D /* Build configuration list for PBXProject "Refresh_SwiftUI" */ = {
			isa = XCConfigurationList;
			buildConfigurations = (
				81B0A7BC2A09FF7700E6492D /* Debug */,
				81B0A7BD2A09FF7700E6492D /* Release */,
			);
			defaultConfigurationIsVisible = 0;
			defaultConfigurationName = Release;
		};
		81B0A7BE2A09FF7700E6492D /* Build configuration list for PBXNativeTarget "Refresh_SwiftUI" */ = {
			isa = XCConfigurationList;
			buildConfigurations = (
				81B0A7BF2A09FF7700E6492D /* Debug */,
				81B0A7C02A09FF7700E6492D /* Release */,
			);
			defaultConfigurationIsVisible = 0;
			defaultConfigurationName = Release;
		};
/* End XCConfigurationList section */
	};
	rootObject = 81B0A7A72A09FF7500E6492D /* Project object */;
}
